
Microsoft Visual Studio Solution File, Format Version 12.00
# Visual Studio Version 17
VisualStudioVersion = 17.10.35122.118
MinimumVisualStudioVersion = 10.0.40219.1
Project("{FAE04EC0-301F-11D3-BF4B-00C04F79EFBC}") = "ProtectedSessionDemo", "ProtectedSessionDemo\ProtectedSessionDemo.csproj", "{2DB0EEC1-59E1-4B2D-88CC-D14A859F63DE}"
EndProject
Global
	GlobalSection(SolutionConfigurationPlatforms) = preSolution
		Debug|Any CPU = Debug|Any CPU
		Release|Any CPU = Release|Any CPU
	EndGlobalSection
	GlobalSection(ProjectConfigurationPlatforms) = postSolution
		{2DB0EEC1-59E1-4B2D-88CC-D14A859F63DE}.Debug|Any CPU.ActiveCfg = Debug|Any CPU
		{2DB0EEC1-59E1-4B2D-88CC-D14A859F63DE}.Debug|Any CPU.Build.0 = Debug|Any CPU
		{2DB0EEC1-59E1-4B2D-88CC-D14A859F63DE}.Release|Any CPU.ActiveCfg = Release|Any CPU
		{2DB0EEC1-59E1-4B2D-88CC-D14A859F63DE}.Release|Any CPU.Build.0 = Release|Any CPU
	EndGlobalSection
	GlobalSection(SolutionProperties) = preSolution
		HideSolutionNode = FALSE
	EndGlobalSection
	GlobalSection(ExtensibilityGlobals) = postSolution
		SolutionGuid = {CBA6655A-10F3-49B1-993A-09ACEBFF7AE7}
	EndGlobalSection
EndGlobal
